// !$*UTF8*$!
{
	archiveVersion = 1;
	classes = {
	};
	objectVersion = 55;
	objects = {

/* Begin PBXBuildFile section */
		B9B918A927F6C25C006B79D8 /* SwiftTutorialApp.swift in Sources */ = {isa = PBXBuildFile; fileRef = B9B918A827F6C25C006B79D8 /* SwiftTutorialApp.swift */; };
		B9B918AB27F6C25C006B79D8 /* ContentView.swift in Sources */ = {isa = PBXBuildFile; fileRef = B9B918AA27F6C25C006B79D8 /* ContentView.swift */; };
		B9B918AD27F6C25F006B79D8 /* Assets.xcassets in Resources */ = {isa = PBXBuildFile; fileRef = B9B918AC27F6C25F006B79D8 /* Assets.xcassets */; };
		B9B918B027F6C25F006B79D8 /* Preview Assets.xcassets in Resources */ = {isa = PBXBuildFile; fileRef = B9B918AF27F6C25F006B79D8 /* Preview Assets.xcassets */; };
		B9B918BA27F6C260006B79D8 /* SwiftTutorialTests.swift in Sources */ = {isa = PBXBuildFile; fileRef = B9B918B927F6C260006B79D8 /* SwiftTutorialTests.swift */; };
		B9B918C427F6C260006B79D8 /* SwiftTutorialUITests.swift in Sources */ = {isa = PBXBuildFile; fileRef = B9B918C327F6C260006B79D8 /* SwiftTutorialUITests.swift */; };
		B9B918C627F6C260006B79D8 /* SwiftTutorialUITestsLaunchTests.swift in Sources */ = {isa = PBXBuildFile; fileRef = B9B918C527F6C260006B79D8 /* SwiftTutorialUITestsLaunchTests.swift */; };
		B9B9190927FDECEE006B79D8 /* CircleImage.swift in Sources */ = {isa = PBXBuildFile; fileRef = B9B9190827FDECEE006B79D8 /* CircleImage.swift */; };
		B9B9190B27FDEDE9006B79D8 /* MapView.swift in Sources */ = {isa = PBXBuildFile; fileRef = B9B9190A27FDEDE9006B79D8 /* MapView.swift */; };
/* End PBXBuildFile section */

/* Begin PBXContainerItemProxy section */
		B9B918B627F6C260006B79D8 /* PBXContainerItemProxy */ = {
			isa = PBXContainerItemProxy;
			containerPortal = B9B9189D27F6C25C006B79D8 /* Project object */;
			proxyType = 1;
			remoteGlobalIDString = B9B918A427F6C25C006B79D8;
			remoteInfo = SwiftTutorial;
		};
		B9B918C027F6C260006B79D8 /* PBXContainerItemProxy */ = {
			isa = PBXContainerItemProxy;
			containerPortal = B9B9189D27F6C25C006B79D8 /* Project object */;
			proxyType = 1;
			remoteGlobalIDString = B9B918A427F6C25C006B79D8;
			remoteInfo = SwiftTutorial;
		};
/* End PBXContainerItemProxy section */

/* Begin PBXFileReference section */
		B9B918A527F6C25C006B79D8 /* SwiftTutorial.app */ = {isa = PBXFileReference; explicitFileType = wrapper.application; includeInIndex = 0; path = SwiftTutorial.app; sourceTree = BUILT_PRODUCTS_DIR; };
		B9B918A827F6C25C006B79D8 /* SwiftTutorialApp.swift */ = {isa = PBXFileReference; lastKnownFileType = sourcecode.swift; path = SwiftTutorialApp.swift; sourceTree = "<group>"; };
		B9B918AA27F6C25C006B79D8 /* ContentView.swift */ = {isa = PBXFileReference; lastKnownFileType = sourcecode.swift; path = ContentView.swift; sourceTree = "<group>"; };
		B9B918AC27F6C25F006B79D8 /* Assets.xcassets */ = {isa = PBXFileReference; lastKnownFileType = folder.assetcatalog; path = Assets.xcassets; sourceTree = "<group>"; };
		B9B918AF27F6C25F006B79D8 /* Preview Assets.xcassets */ = {isa = PBXFileReference; lastKnownFileType = folder.assetcatalog; path = "Preview Assets.xcassets"; sourceTree = "<group>"; };
		B9B918B527F6C260006B79D8 /* SwiftTutorialTests.xctest */ = {isa = PBXFileReference; explicitFileType = wrapper.cfbundle; includeInIndex = 0; path = SwiftTutorialTests.xctest; sourceTree = BUILT_PRODUCTS_DIR; };
		B9B918B927F6C260006B79D8 /* SwiftTutorialTests.swift */ = {isa = PBXFileReference; lastKnownFileType = sourcecode.swift; path = SwiftTutorialTests.swift; sourceTree = "<group>"; };
		B9B918BF27F6C260006B79D8 /* SwiftTutorialUITests.xctest */ = {isa = PBXFileReference; explicitFileType = wrapper.cfbundle; includeInIndex = 0; path = SwiftTutorialUITests.xctest; sourceTree = BUILT_PRODUCTS_DIR; };
		B9B918C327F6C260006B79D8 /* SwiftTutorialUITests.swift */ = {isa = PBXFileReference; lastKnownFileType = sourcecode.swift; path = SwiftTutorialUITests.swift; sourceTree = "<group>"; };
		B9B918C527F6C260006B79D8 /* SwiftTutorialUITestsLaunchTests.swift */ = {isa = PBXFileReference; lastKnownFileType = sourcecode.swift; path = SwiftTutorialUITestsLaunchTests.swift; sourceTree = "<group>"; };
		B9B9190827FDECEE006B79D8 /* CircleImage.swift */ = {isa = PBXFileReference; lastKnownFileType = sourcecode.swift; path = CircleImage.swift; sourceTree = "<group>"; };
		B9B9190A27FDEDE9006B79D8 /* MapView.swift */ = {isa = PBXFileReference; lastKnownFileType = sourcecode.swift; path = MapView.swift; sourceTree = "<group>"; };
/* End PBXFileReference section */

/* Begin PBXFrameworksBuildPhase section */
		B9B918A227F6C25C006B79D8 /* Frameworks */ = {
			isa = PBXFrameworksBuildPhase;
			buildActionMask = 2147483647;
			files = (
			);
			runOnlyForDeploymentPostprocessing = 0;
		};
		B9B918B227F6C260006B79D8 /* Frameworks */ = {
			isa = PBXFrameworksBuildPhase;
			buildActionMask = 2147483647;
			files = (
			);
			runOnlyForDeploymentPostprocessing = 0;
		};
		B9B918BC27F6C260006B79D8 /* Frameworks */ = {
			isa = PBXFrameworksBuildPhase;
			buildActionMask = 2147483647;
			files = (
			);
			runOnlyForDeploymentPostprocessing = 0;
		};
/* End PBXFrameworksBuildPhase section */

/* Begin PBXGroup section */
		B9B9189C27F6C25C006B79D8 = {
			isa = PBXGroup;
			children = (
				B9B918A727F6C25C006B79D8 /* SwiftTutorial */,
				B9B918B827F6C260006B79D8 /* SwiftTutorialTests */,
				B9B918C227F6C260006B79D8 /* SwiftTutorialUITests */,
				B9B918A627F6C25C006B79D8 /* Products */,
			);
			sourceTree = "<group>";
		};
		B9B918A627F6C25C006B79D8 /* Products */ = {
			isa = PBXGroup;
			children = (
				B9B918A527F6C25C006B79D8 /* SwiftTutorial.app */,
				B9B918B527F6C260006B79D8 /* SwiftTutorialTests.xctest */,
				B9B918BF27F6C260006B79D8 /* SwiftTutorialUITests.xctest */,
			);
			name = Products;
			sourceTree = "<group>";
		};
		B9B918A727F6C25C006B79D8 /* SwiftTutorial */ = {
			isa = PBXGroup;
			children = (
				B9B918A827F6C25C006B79D8 /* SwiftTutorialApp.swift */,
				B9B918AA27F6C25C006B79D8 /* ContentView.swift */,
				B9B918AC27F6C25F006B79D8 /* Assets.xcassets */,
				B9B9190827FDECEE006B79D8 /* CircleImage.swift */,
				B9B9190A27FDEDE9006B79D8 /* MapView.swift */,
				B9B918AE27F6C25F006B79D8 /* Preview Content */,
			);
			path = SwiftTutorial;
			sourceTree = "<group>";
		};
		B9B918AE27F6C25F006B79D8 /* Preview Content */ = {
			isa = PBXGroup;
			children = (
				B9B918AF27F6C25F006B79D8 /* Preview Assets.xcassets */,
			);
			path = "Preview Content";
			sourceTree = "<group>";
		};
		B9B918B827F6C260006B79D8 /* SwiftTutorialTests */ = {
			isa = PBXGroup;
			children = (
				B9B918B927F6C260006B79D8 /* SwiftTutorialTests.swift */,
			);
			path = SwiftTutorialTests;
			sourceTree = "<group>";
		};
		B9B918C227F6C260006B79D8 /* SwiftTutorialUITests */ = {
			isa = PBXGroup;
			children = (
				B9B918C327F6C260006B79D8 /* SwiftTutorialUITests.swift */,
				B9B918C527F6C260006B79D8 /* SwiftTutorialUITestsLaunchTests.swift */,
			);
			path = SwiftTutorialUITests;
			sourceTree = "<group>";
		};
/* End PBXGroup section */

/* Begin PBXNativeTarget section */
		B9B918A427F6C25C006B79D8 /* SwiftTutorial */ = {
			isa = PBXNativeTarget;
			buildConfigurationList = B9B918C927F6C260006B79D8 /* Build configuration list for PBXNativeTarget "SwiftTutorial" */;
			buildPhases = (
				B9B918A127F6C25C006B79D8 /* Sources */,
				B9B918A227F6C25C006B79D8 /* Frameworks */,
				B9B918A327F6C25C006B79D8 /* Resources */,
			);
			buildRules = (
			);
			dependencies = (
			);
			name = SwiftTutorial;
			productName = SwiftTutorial;
			productReference = B9B918A527F6C25C006B79D8 /* SwiftTutorial.app */;
			productType = "com.apple.product-type.application";
		};
		B9B918B427F6C260006B79D8 /* SwiftTutorialTests */ = {
			isa = PBXNativeTarget;
			buildConfigurationList = B9B918CC27F6C260006B79D8 /* Build configuration list for PBXNativeTarget "SwiftTutorialTests" */;
			buildPhases = (
				B9B918B127F6C260006B79D8 /* Sources */,
				B9B918B227F6C260006B79D8 /* Frameworks */,
				B9B918B327F6C260006B79D8 /* Resources */,
			);
			buildRules = (
			);
			dependencies = (
				B9B918B727F6C260006B79D8 /* PBXTargetDependency */,
			);
			name = SwiftTutorialTests;
			productName = SwiftTutorialTests;
			productReference = B9B918B527F6C260006B79D8 /* SwiftTutorialTests.xctest */;
			productType = "com.apple.product-type.bundle.unit-test";
		};
		B9B918BE27F6C260006B79D8 /* SwiftTutorialUITests */ = {
			isa = PBXNativeTarget;
			buildConfigurationList = B9B918CF27F6C260006B79D8 /* Build configuration list for PBXNativeTarget "SwiftTutorialUITests" */;
			buildPhases = (
				B9B918BB27F6C260006B79D8 /* Sources */,
				B9B918BC27F6C260006B79D8 /* Frameworks */,
				B9B918BD27F6C260006B79D8 /* Resources */,
			);
			buildRules = (
			);
			dependencies = (
				B9B918C127F6C260006B79D8 /* PBXTargetDependency */,
			);
			name = SwiftTutorialUITests;
			productName = SwiftTutorialUITests;
			productReference = B9B918BF27F6C260006B79D8 /* SwiftTutorialUITests.xctest */;
			productType = "com.apple.product-type.bundle.ui-testing";
		};
/* End PBXNativeTarget section */

/* Begin PBXProject section */
		B9B9189D27F6C25C006B79D8 /* Project object */ = {
			isa = PBXProject;
			attributes = {
				BuildIndependentTargetsInParallel = 1;
				LastSwiftUpdateCheck = 1330;
				LastUpgradeCheck = 1330;
				TargetAttributes = {
					B9B918A427F6C25C006B79D8 = {
						CreatedOnToolsVersion = 13.3;
					};
					B9B918B427F6C260006B79D8 = {
						CreatedOnToolsVersion = 13.3;
						TestTargetID = B9B918A427F6C25C006B79D8;
					};
					B9B918BE27F6C260006B79D8 = {
						CreatedOnToolsVersion = 13.3;
						TestTargetID = B9B918A427F6C25C006B79D8;
					};
				};
			};
			buildConfigurationList = B9B918A027F6C25C006B79D8 /* Build configuration list for PBXProject "SwiftTutorial" */;
			compatibilityVersion = "Xcode 13.0";
			developmentRegion = en;
			hasScannedForEncodings = 0;
			knownRegions = (
				en,
				Base,
			);
			mainGroup = B9B9189C27F6C25C006B79D8;
			productRefGroup = B9B918A627F6C25C006B79D8 /* Products */;
			projectDirPath = "";
			projectRoot = "";
			targets = (
				B9B918A427F6C25C006B79D8 /* SwiftTutorial */,
				B9B918B427F6C260006B79D8 /* SwiftTutorialTests */,
				B9B918BE27F6C260006B79D8 /* SwiftTutorialUITests */,
			);
		};
/* End PBXProject section */

/* Begin PBXResourcesBuildPhase section */
		B9B918A327F6C25C006B79D8 /* Resources */ = {
			isa = PBXResourcesBuildPhase;
			buildActionMask = 2147483647;
			files = (
				B9B918B027F6C25F006B79D8 /* Preview Assets.xcassets in Resources */,
				B9B918AD27F6C25F006B79D8 /* Assets.xcassets in Resources */,
			);
			runOnlyForDeploymentPostprocessing = 0;
		};
		B9B918B327F6C260006B79D8 /* Resources */ = {
			isa = PBXResourcesBuildPhase;
			buildActionMask = 2147483647;
			files = (
			);
			runOnlyForDeploymentPostprocessing = 0;
		};
		B9B918BD27F6C260006B79D8 /* Resources */ = {
			isa = PBXResourcesBuildPhase;
			buildActionMask = 2147483647;
			files = (
			);
			runOnlyForDeploymentPostprocessing = 0;
		};
/* End PBXResourcesBuildPhase section */

/* Begin PBXSourcesBuildPhase section */
		B9B918A127F6C25C006B79D8 /* Sources */ = {
			isa = PBXSourcesBuildPhase;
			buildActionMask = 2147483647;
			files = (
				B9B918AB27F6C25C006B79D8 /* ContentView.swift in Sources */,
				B9B9190B27FDEDE9006B79D8 /* MapView.swift in Sources */,
				B9B918A927F6C25C006B79D8 /* SwiftTutorialApp.swift in Sources */,
				B9B9190927FDECEE006B79D8 /* CircleImage.swift in Sources */,
			);
			runOnlyForDeploymentPostprocessing = 0;
		};
		B9B918B127F6C260006B79D8 /* Sources */ = {
			isa = PBXSourcesBuildPhase;
			buildActionMask = 2147483647;
			files = (
				B9B918BA27F6C260006B79D8 /* SwiftTutorialTests.swift in Sources */,
			);
			runOnlyForDeploymentPostprocessing = 0;
		};
		B9B918BB27F6C260006B79D8 /* Sources */ = {
			isa = PBXSourcesBuildPhase;
			buildActionMask = 2147483647;
			files = (
				B9B918C627F6C260006B79D8 /* SwiftTutorialUITestsLaunchTests.swift in Sources */,
				B9B918C427F6C260006B79D8 /* SwiftTutorialUITests.swift in Sources */,
			);
			runOnlyForDeploymentPostprocessing = 0;
		};
/* End PBXSourcesBuildPhase section */

/* Begin PBXTargetDependency section */
		B9B918B727F6C260006B79D8 /* PBXTargetDependency */ = {
			isa = PBXTargetDependency;
			target = B9B918A427F6C25C006B79D8 /* SwiftTutorial */;
			targetProxy = B9B918B627F6C260006B79D8 /* PBXContainerItemProxy */;
		};
		B9B918C127F6C260006B79D8 /* PBXTargetDependency */ = {
			isa = PBXTargetDependency;
			target = B9B918A427F6C25C006B79D8 /* SwiftTutorial */;
			targetProxy = B9B918C027F6C260006B79D8 /* PBXContainerItemProxy */;
		};
/* End PBXTargetDependency section */

/* Begin XCBuildConfiguration section */
		B9B918C727F6C260006B79D8 /* Debug */ = {
			isa = XCBuildConfiguration;
			buildSettings = {
				ALWAYS_SEARCH_USER_PATHS = NO;
				CLANG_ANALYZER_NONNULL = YES;
				CLANG_ANALYZER_NUMBER_OBJECT_CONVERSION = YES_AGGRESSIVE;
				CLANG_CXX_LANGUAGE_STANDARD = "gnu++17";
				CLANG_ENABLE_MODULES = YES;
				CLANG_ENABLE_OBJC_ARC = YES;
				CLANG_ENABLE_OBJC_WEAK = YES;
				CLANG_WARN_BLOCK_CAPTURE_AUTORELEASING = YES;
				CLANG_WARN_BOOL_CONVERSION = YES;
				CLANG_WARN_COMMA = YES;
				CLANG_WARN_CONSTANT_CONVERSION = YES;
				CLANG_WARN_DEPRECATED_OBJC_IMPLEMENTATIONS = YES;
				CLANG_WARN_DIRECT_OBJC_ISA_USAGE = YES_ERROR;
				CLANG_WARN_DOCUMENTATION_COMMENTS = YES;
				CLANG_WARN_EMPTY_BODY = YES;
				CLANG_WARN_ENUM_CONVERSION = YES;
				CLANG_WARN_INFINITE_RECURSION = YES;
				CLANG_WARN_INT_CONVERSION = YES;
				CLANG_WARN_NON_LITERAL_NULL_CONVERSION = YES;
				CLANG_WARN_OBJC_IMPLICIT_RETAIN_SELF = YES;
				CLANG_WARN_OBJC_LITERAL_CONVERSION = YES;
				CLANG_WARN_OBJC_ROOT_CLASS = YES_ERROR;
				CLANG_WARN_QUOTED_INCLUDE_IN_FRAMEWORK_HEADER = YES;
				CLANG_WARN_RANGE_LOOP_ANALYSIS = YES;
				CLANG_WARN_STRICT_PROTOTYPES = YES;
				CLANG_WARN_SUSPICIOUS_MOVE = YES;
				CLANG_WARN_UNGUARDED_AVAILABILITY = YES_AGGRESSIVE;
				CLANG_WARN_UNREACHABLE_CODE = YES;
				CLANG_WARN__DUPLICATE_METHOD_MATCH = YES;
				COPY_PHASE_STRIP = NO;
				DEBUG_INFORMATION_FORMAT = dwarf;
				ENABLE_STRICT_OBJC_MSGSEND = YES;
				ENABLE_TESTABILITY = YES;
				GCC_C_LANGUAGE_STANDARD = gnu11;
				GCC_DYNAMIC_NO_PIC = NO;
				GCC_NO_COMMON_BLOCKS = YES;
				GCC_OPTIMIZATION_LEVEL = 0;
				GCC_PREPROCESSOR_DEFINITIONS = (
					"DEBUG=1",
					"$(inherited)",
				);
				GCC_WARN_64_TO_32_BIT_CONVERSION = YES;
				GCC_WARN_ABOUT_RETURN_TYPE = YES_ERROR;
				GCC_WARN_UNDECLARED_SELECTOR = YES;
				GCC_WARN_UNINITIALIZED_AUTOS = YES_AGGRESSIVE;
				GCC_WARN_UNUSED_FUNCTION = YES;
				GCC_WARN_UNUSED_VARIABLE = YES;
				IPHONEOS_DEPLOYMENT_TARGET = 15.4;
				MTL_ENABLE_DEBUG_INFO = INCLUDE_SOURCE;
				MTL_FAST_MATH = YES;
				ONLY_ACTIVE_ARCH = YES;
				SDKROOT = iphoneos;
				SWIFT_ACTIVE_COMPILATION_CONDITIONS = DEBUG;
				SWIFT_OPTIMIZATION_LEVEL = "-Onone";
			};
			name = Debug;
		};
		B9B918C827F6C260006B79D8 /* Release */ = {
			isa = XCBuildConfiguration;
			buildSettings = {
				ALWAYS_SEARCH_USER_PATHS = NO;
				CLANG_ANALYZER_NONNULL = YES;
				CLANG_ANALYZER_NUMBER_OBJECT_CONVERSION = YES_AGGRESSIVE;
				CLANG_CXX_LANGUAGE_STANDARD = "gnu++17";
				CLANG_ENABLE_MODULES = YES;
				CLANG_ENABLE_OBJC_ARC = YES;
				CLANG_ENABLE_OBJC_WEAK = YES;
				CLANG_WARN_BLOCK_CAPTURE_AUTORELEASING = YES;
				CLANG_WARN_BOOL_CONVERSION = YES;
				CLANG_WARN_COMMA = YES;
				CLANG_WARN_CONSTANT_CONVERSION = YES;
				CLANG_WARN_DEPRECATED_OBJC_IMPLEMENTATIONS = YES;
				CLANG_WARN_DIRECT_OBJC_ISA_USAGE = YES_ERROR;
				CLANG_WARN_DOCUMENTATION_COMMENTS = YES;
				CLANG_WARN_EMPTY_BODY = YES;
				CLANG_WARN_ENUM_CONVERSION = YES;
				CLANG_WARN_INFINITE_RECURSION = YES;
				CLANG_WARN_INT_CONVERSION = YES;
				CLANG_WARN_NON_LITERAL_NULL_CONVERSION = YES;
				CLANG_WARN_OBJC_IMPLICIT_RETAIN_SELF = YES;
				CLANG_WARN_OBJC_LITERAL_CONVERSION = YES;
				CLANG_WARN_OBJC_ROOT_CLASS = YES_ERROR;
				CLANG_WARN_QUOTED_INCLUDE_IN_FRAMEWORK_HEADER = YES;
				CLANG_WARN_RANGE_LOOP_ANALYSIS = YES;
				CLANG_WARN_STRICT_PROTOTYPES = YES;
				CLANG_WARN_SUSPICIOUS_MOVE = YES;
				CLANG_WARN_UNGUARDED_AVAILABILITY = YES_AGGRESSIVE;
				CLANG_WARN_UNREACHABLE_CODE = YES;
				CLANG_WARN__DUPLICATE_METHOD_MATCH = YES;
				COPY_PHASE_STRIP = NO;
				DEBUG_INFORMATION_FORMAT = "dwarf-with-dsym";
				ENABLE_NS_ASSERTIONS = NO;
				ENABLE_STRICT_OBJC_MSGSEND = YES;
				GCC_C_LANGUAGE_STANDARD = gnu11;
				GCC_NO_COMMON_BLOCKS = YES;
				GCC_WARN_64_TO_32_BIT_CONVERSION = YES;
				GCC_WARN_ABOUT_RETURN_TYPE = YES_ERROR;
				GCC_WARN_UNDECLARED_SELECTOR = YES;
				GCC_WARN_UNINITIALIZED_AUTOS = YES_AGGRESSIVE;
				GCC_WARN_UNUSED_FUNCTION = YES;
				GCC_WARN_UNUSED_VARIABLE = YES;
				IPHONEOS_DEPLOYMENT_TARGET = 15.4;
				MTL_ENABLE_DEBUG_INFO = NO;
				MTL_FAST_MATH = YES;
				SDKROOT = iphoneos;
				SWIFT_COMPILATION_MODE = wholemodule;
				SWIFT_OPTIMIZATION_LEVEL = "-O";
				VALIDATE_PRODUCT = YES;
			};
			name = Release;
		};
		B9B918CA27F6C260006B79D8 /* Debug */ = {
			isa = XCBuildConfiguration;
			buildSettings = {
				ASSETCATALOG_COMPILER_APPICON_NAME = AppIcon;
				ASSETCATALOG_COMPILER_GLOBAL_ACCENT_COLOR_NAME = AccentColor;
				CODE_SIGN_STYLE = Automatic;
				CURRENT_PROJECT_VERSION = 1;
				DEVELOPMENT_ASSET_PATHS = "\"SwiftTutorial/Preview Content\"";
				DEVELOPMENT_TEAM = 3PFDRPLY6N;
				ENABLE_PREVIEWS = YES;
				GENERATE_INFOPLIST_FILE = YES;
				INFOPLIST_KEY_UIApplicationSceneManifest_Generation = YES;
				INFOPLIST_KEY_UIApplicationSupportsIndirectInputEvents = YES;
				INFOPLIST_KEY_UILaunchScreen_Generation = YES;
				INFOPLIST_KEY_UISupportedInterfaceOrientations_iPad = "UIInterfaceOrientationPortrait UIInterfaceOrientationPortraitUpsideDown UIInterfaceOrientationLandscapeLeft UIInterfaceOrientationLandscapeRight";
				INFOPLIST_KEY_UISupportedInterfaceOrientations_iPhone = "UIInterfaceOrientationPortrait UIInterfaceOrientationLandscapeLeft UIInterfaceOrientationLandscapeRight";
				LD_RUNPATH_SEARCH_PATHS = (
					"$(inherited)",
					"@executable_path/Frameworks",
				);
				MARKETING_VERSION = 1.0;
				PRODUCT_BUNDLE_IDENTIFIER = com.jeejung.SwiftTutorial;
				PRODUCT_NAME = "$(TARGET_NAME)";
				SWIFT_EMIT_LOC_STRINGS = YES;
				SWIFT_VERSION = 5.0;
				TARGETED_DEVICE_FAMILY = "1,2";
			};
			name = Debug;
		};
		B9B918CB27F6C260006B79D8 /* Release */ = {
			isa = XCBuildConfiguration;
			buildSettings = {
				ASSETCATALOG_COMPILER_APPICON_NAME = AppIcon;
				ASSETCATALOG_COMPILER_GLOBAL_ACCENT_COLOR_NAME = AccentColor;
				CODE_SIGN_STYLE = Automatic;
				CURRENT_PROJECT_VERSION = 1;
				DEVELOPMENT_ASSET_PATHS = "\"SwiftTutorial/Preview Content\"";
				DEVELOPMENT_TEAM = 3PFDRPLY6N;
				ENABLE_PREVIEWS = YES;
				GENERATE_INFOPLIST_FILE = YES;
				INFOPLIST_KEY_UIApplicationSceneManifest_Generation = YES;
				INFOPLIST_KEY_UIApplicationSupportsIndirectInputEvents = YES;
				INFOPLIST_KEY_UILaunchScreen_Generation = YES;
				INFOPLIST_KEY_UISupportedInterfaceOrientations_iPad = "UIInterfaceOrientationPortrait UIInterfaceOrientationPortraitUpsideDown UIInterfaceOrientationLandscapeLeft UIInterfaceOrientationLandscapeRight";
				INFOPLIST_KEY_UISupportedInterfaceOrientations_iPhone = "UIInterfaceOrientationPortrait UIInterfaceOrientationLandscapeLeft UIInterfaceOrientationLandscapeRight";
				LD_RUNPATH_SEARCH_PATHS = (
					"$(inherited)",
					"@executable_path/Frameworks",
				);
				MARKETING_VERSION = 1.0;
				PRODUCT_BUNDLE_IDENTIFIER = com.jeejung.SwiftTutorial;
				PRODUCT_NAME = "$(TARGET_NAME)";
				SWIFT_EMIT_LOC_STRINGS = YES;
				SWIFT_VERSION = 5.0;
				TARGETED_DEVICE_FAMILY = "1,2";
			};
			name = Release;
		};
		B9B918CD27F6C260006B79D8 /* Debug */ = {
			isa = XCBuildConfiguration;
			buildSettings = {
				ALWAYS_EMBED_SWIFT_STANDARD_LIBRARIES = YES;
				BUNDLE_LOADER = "$(TEST_HOST)";
				CODE_SIGN_STYLE = Automatic;
				CURRENT_PROJECT_VERSION = 1;
				DEVELOPMENT_TEAM = 3PFDRPLY6N;
				GENERATE_INFOPLIST_FILE = YES;
				IPHONEOS_DEPLOYMENT_TARGET = 15.4;
				MARKETING_VERSION = 1.0;
				PRODUCT_BUNDLE_IDENTIFIER = com.jeejung.SwiftTutorialTests;
				PRODUCT_NAME = "$(TARGET_NAME)";
				SWIFT_EMIT_LOC_STRINGS = NO;
				SWIFT_VERSION = 5.0;
				TARGETED_DEVICE_FAMILY = "1,2";
				TEST_HOST = "$(BUILT_PRODUCTS_DIR)/SwiftTutorial.app/SwiftTutorial";
			};
			name = Debug;
		};
		B9B918CE27F6C260006B79D8 /* Release */ = {
			isa = XCBuildConfiguration;
			buildSettings = {
				ALWAYS_EMBED_SWIFT_STANDARD_LIBRARIES = YES;
				BUNDLE_LOADER = "$(TEST_HOST)";
				CODE_SIGN_STYLE = Automatic;
				CURRENT_PROJECT_VERSION = 1;
				DEVELOPMENT_TEAM = 3PFDRPLY6N;
				GENERATE_INFOPLIST_FILE = YES;
				IPHONEOS_DEPLOYMENT_TARGET = 15.4;
				MARKETING_VERSION = 1.0;
				PRODUCT_BUNDLE_IDENTIFIER = com.jeejung.SwiftTutorialTests;
				PRODUCT_NAME = "$(TARGET_NAME)";
				SWIFT_EMIT_LOC_STRINGS = NO;
				SWIFT_VERSION = 5.0;
				TARGETED_DEVICE_FAMILY = "1,2";
				TEST_HOST = "$(BUILT_PRODUCTS_DIR)/SwiftTutorial.app/SwiftTutorial";
			};
			name = Release;
		};
		B9B918D027F6C260006B79D8 /* Debug */ = {
			isa = XCBuildConfiguration;
			buildSettings = {
				ALWAYS_EMBED_SWIFT_STANDARD_LIBRARIES = YES;
				CODE_SIGN_STYLE = Automatic;
				CURRENT_PROJECT_VERSION = 1;
				DEVELOPMENT_TEAM = 3PFDRPLY6N;
				GENERATE_INFOPLIST_FILE = YES;
				MARKETING_VERSION = 1.0;
				PRODUCT_BUNDLE_IDENTIFIER = com.jeejung.SwiftTutorialUITests;
				PRODUCT_NAME = "$(TARGET_NAME)";
				SWIFT_EMIT_LOC_STRINGS = NO;
				SWIFT_VERSION = 5.0;
				TARGETED_DEVICE_FAMILY = "1,2";
				TEST_TARGET_NAME = SwiftTutorial;
			};
			name = Debug;
		};
		B9B918D127F6C260006B79D8 /* Release */ = {
			isa = XCBuildConfiguration;
			buildSettings = {
				ALWAYS_EMBED_SWIFT_STANDARD_LIBRARIES = YES;
				CODE_SIGN_STYLE = Automatic;
				CURRENT_PROJECT_VERSION = 1;
				DEVELOPMENT_TEAM = 3PFDRPLY6N;
				GENERATE_INFOPLIST_FILE = YES;
				MARKETING_VERSION = 1.0;
				PRODUCT_BUNDLE_IDENTIFIER = com.jeejung.SwiftTutorialUITests;
				PRODUCT_NAME = "$(TARGET_NAME)";
				SWIFT_EMIT_LOC_STRINGS = NO;
				SWIFT_VERSION = 5.0;
				TARGETED_DEVICE_FAMILY = "1,2";
				TEST_TARGET_NAME = SwiftTutorial;
			};
			name = Release;
		};
/* End XCBuildConfiguration section */

/* Begin XCConfigurationList section */
		B9B918A027F6C25C006B79D8 /* Build configuration list for PBXProject "SwiftTutorial" */ = {
			isa = XCConfigurationList;
			buildConfigurations = (
				B9B918C727F6C260006B79D8 /* Debug */,
				B9B918C827F6C260006B79D8 /* Release */,
			);
			defaultConfigurationIsVisible = 0;
			defaultConfigurationName = Release;
		};
		B9B918C927F6C260006B79D8 /* Build configuration list for PBXNativeTarget "SwiftTutorial" */ = {
			isa = XCConfigurationList;
			buildConfigurations = (
				B9B918CA27F6C260006B79D8 /* Debug */,
				B9B918CB27F6C260006B79D8 /* Release */,
			);
			defaultConfigurationIsVisible = 0;
			defaultConfigurationName = Release;
		};
		B9B918CC27F6C260006B79D8 /* Build configuration list for PBXNativeTarget "SwiftTutorialTests" */ = {
			isa = XCConfigurationList;
			buildConfigurations = (
				B9B918CD27F6C260006B79D8 /* Debug */,
				B9B918CE27F6C260006B79D8 /* Release */,
			);
			defaultConfigurationIsVisible = 0;
			defaultConfigurationName = Release;
		};
		B9B918CF27F6C260006B79D8 /* Build configuration list for PBXNativeTarget "SwiftTutorialUITests" */ = {
			isa = XCConfigurationList;
			buildConfigurations = (
				B9B918D027F6C260006B79D8 /* Debug */,
				B9B918D127F6C260006B79D8 /* Release */,
			);
			defaultConfigurationIsVisible = 0;
			defaultConfigurationName = Release;
		};
/* End XCConfigurationList section */
	};
	rootObject = B9B9189D27F6C25C006B79D8 /* Project object */;
}
